
Microsoft Visual Studio Solution File, Format Version 12.00
# Visual Studio Version 17
VisualStudioVersion = 17.5.002.0
MinimumVisualStudioVersion = 10.0.40219.1
Project("{9A19103F-16F7-4668-BE54-9A1E7A4F7556}") = "Task1", "Task1.csproj", "{5DBA50C9-D551-466B-9490-5B5F69325570}"
EndProject
Global
	GlobalSection(SolutionConfigurationPlatforms) = preSolution
		Debug|Any CPU = Debug|Any CPU
		Release|Any CPU = Release|Any CPU
	EndGlobalSection
	GlobalSection(ProjectConfigurationPlatforms) = postSolution
		{5DBA50C9-D551-466B-9490-5B5F69325570}.Debug|Any CPU.ActiveCfg = Debug|Any CPU
		{5DBA50C9-D551-466B-9490-5B5F69325570}.Debug|Any CPU.Build.0 = Debug|Any CPU
		{5DBA50C9-D551-466B-9490-5B5F69325570}.Release|Any CPU.ActiveCfg = Release|Any CPU
		{5DBA50C9-D551-466B-9490-5B5F69325570}.Release|Any CPU.Build.0 = Release|Any CPU
	EndGlobalSection
	GlobalSection(SolutionProperties) = preSolution
		HideSolutionNode = FALSE
	EndGlobalSection
	GlobalSection(ExtensibilityGlobals) = postSolution
		SolutionGuid = {3319417C-7F6A-484A-8415-033F2743C4A7}
	EndGlobalSection
EndGlobal
